PODS:
  - AppAuth (1.6.2):
    - AppAuth/Core (= 1.6.2)
    - AppAuth/ExternalUserAgent (= 1.6.2)
  - AppAuth/Core (1.6.2)
  - AppAuth/ExternalUserAgent (1.6.2):
    - AppAuth/Core
  - boost (1.76.0)
  - CocoaAsyncSocket (7.6.5)
  - DoubleConversion (1.1.6)
  - FBLazyVector (0.72.0-rc.3)
  - FBReactNativeSpec (0.72.0-rc.3):
    - RCT-Folly (= 2021.07.22.00)
    - RCTRequired (= 0.72.0-rc.3)
    - RCTTypeSafety (= 0.72.0-rc.3)
    - React-Core (= 0.72.0-rc.3)
    - React-jsi (= 0.72.0-rc.3)
    - ReactCommon/turbomodule/core (= 0.72.0-rc.3)
  - Flipper (0.182.0):
    - Flipper-Folly (~> 2.6)
  - Flipper-Boost-iOSX (1.76.0.1.11)
  - Flipper-DoubleConversion (3.2.0.1)
  - Flipper-Fmt (7.1.7)
  - Flipper-Folly (2.6.10):
    - Flipper-Boost-iOSX
    - Flipper-DoubleConversion
    - Flipper-Fmt (= 7.1.7)
    - Flipper-Glog
    - libevent (~> 2.1.12)
    - OpenSSL-Universal (= 1.1.1100)
  - Flipper-Glog (0.5.0.5)
  - Flipper-PeerTalk (0.0.4)
  - FlipperKit (0.182.0):
    - FlipperKit/Core (= 0.182.0)
  - FlipperKit/Core (0.182.0):
    - Flipper (~> 0.182.0)
    - FlipperKit/CppBridge
    - FlipperKit/FBCxxFollyDynamicConvert
    - FlipperKit/FBDefines
    - FlipperKit/FKPortForwarding
    - SocketRocket (~> 0.6.0)
  - FlipperKit/CppBridge (0.182.0):
    - Flipper (~> 0.182.0)
  - FlipperKit/FBCxxFollyDynamicConvert (0.182.0):
    - Flipper-Folly (~> 2.6)
  - FlipperKit/FBDefines (0.182.0)
  - FlipperKit/FKPortForwarding (0.182.0):
    - CocoaAsyncSocket (~> 7.6)
    - Flipper-PeerTalk (~> 0.0.4)
  - FlipperKit/FlipperKitHighlightOverlay (0.182.0)
  - FlipperKit/FlipperKitLayoutHelpers (0.182.0):
    - FlipperKit/Core
    - FlipperKit/FlipperKitHighlightOverlay
    - FlipperKit/FlipperKitLayoutTextSearchable
  - FlipperKit/FlipperKitLayoutIOSDescriptors (0.182.0):
    - FlipperKit/Core
    - FlipperKit/FlipperKitHighlightOverlay
    - FlipperKit/FlipperKitLayoutHelpers
    - YogaKit (~> 1.18)
  - FlipperKit/FlipperKitLayoutPlugin (0.182.0):
    - FlipperKit/Core
    - FlipperKit/FlipperKitHighlightOverlay
    - FlipperKit/FlipperKitLayoutHelpers
    - FlipperKit/FlipperKitLayoutIOSDescriptors
    - FlipperKit/FlipperKitLayoutTextSearchable
    - YogaKit (~> 1.18)
  - FlipperKit/FlipperKitLayoutTextSearchable (0.182.0)
  - FlipperKit/FlipperKitNetworkPlugin (0.182.0):
    - FlipperKit/Core
  - FlipperKit/FlipperKitReactPlugin (0.182.0):
    - FlipperKit/Core
  - FlipperKit/FlipperKitUserDefaultsPlugin (0.182.0):
    - FlipperKit/Core
  - FlipperKit/SKIOSNetworkPlugin (0.182.0):
    - FlipperKit/Core
    - FlipperKit/FlipperKitNetworkPlugin
  - fmt (6.2.1)
  - glog (0.3.5)
  - GoogleSignIn (7.0.0):
    - AppAuth (~> 1.5)
    - GTMAppAuth (< 3.0, >= 1.3)
    - GTMSessionFetcher/Core (< 4.0, >= 1.1)
  - GTMAppAuth (2.0.0):
    - AppAuth/Core (~> 1.6)
    - GTMSessionFetcher/Core (< 4.0, >= 1.5)
  - GTMSessionFetcher/Core (3.1.1)
  - libevent (2.1.12)
  - OpenSSL-Universal (1.1.1100)
  - RCT-Folly (2021.07.22.00):
    - boost
    - DoubleConversion
    - fmt (~> 6.2.1)
    - glog
    - RCT-Folly/Default (= 2021.07.22.00)
  - RCT-Folly/Default (2021.07.22.00):
    - boost
    - DoubleConversion
    - fmt (~> 6.2.1)
    - glog
  - RCTRequired (0.72.0-rc.3)
  - RCTTypeSafety (0.72.0-rc.3):
    - FBLazyVector (= 0.72.0-rc.3)
    - RCTRequired (= 0.72.0-rc.3)
    - React-Core (= 0.72.0-rc.3)
  - React (0.72.0-rc.3):
    - React-Core (= 0.72.0-rc.3)
    - React-Core/DevSupport (= 0.72.0-rc.3)
    - React-Core/RCTWebSocket (= 0.72.0-rc.3)
    - React-RCTActionSheet (= 0.72.0-rc.3)
    - React-RCTAnimation (= 0.72.0-rc.3)
    - React-RCTBlob (= 0.72.0-rc.3)
    - React-RCTImage (= 0.72.0-rc.3)
    - React-RCTLinking (= 0.72.0-rc.3)
    - React-RCTNetwork (= 0.72.0-rc.3)
    - React-RCTSettings (= 0.72.0-rc.3)
    - React-RCTText (= 0.72.0-rc.3)
    - React-RCTVibration (= 0.72.0-rc.3)
  - React-callinvoker (0.72.0-rc.3)
  - React-Codegen (0.72.0-rc.3):
    - FBReactNativeSpec
    - RCT-Folly
    - RCTRequired
    - RCTTypeSafety
    - React-Core
    - React-jsc
    - React-jsi
    - React-jsiexecutor
    - React-NativeModulesApple
    - React-rncore
    - ReactCommon/turbomodule/bridging
    - ReactCommon/turbomodule/core
  - React-Core (0.72.0-rc.3):
    - glog
    - RCT-Folly (= 2021.07.22.00)
    - React-Core/Default (= 0.72.0-rc.3)
    - React-cxxreact (= 0.72.0-rc.3)
    - React-jsc
    - React-jsi (= 0.72.0-rc.3)
    - React-jsiexecutor (= 0.72.0-rc.3)
    - React-perflogger (= 0.72.0-rc.3)
    - SocketRocket (= 0.6.0)
    - Yoga
  - React-Core/CoreModulesHeaders (0.72.0-rc.3):
    - glog
    - RCT-Folly (= 2021.07.22.00)
    - React-Core/Default
    - React-cxxreact (= 0.72.0-rc.3)
    - React-jsc
    - React-jsi (= 0.72.0-rc.3)
    - React-jsiexecutor (= 0.72.0-rc.3)
    - React-perflogger (= 0.72.0-rc.3)
    - SocketRocket (= 0.6.0)
    - Yoga
  - React-Core/Default (0.72.0-rc.3):
    - glog
    - RCT-Folly (= 2021.07.22.00)
    - React-cxxreact (= 0.72.0-rc.3)
    - React-jsc
    - React-jsi (= 0.72.0-rc.3)
    - React-jsiexecutor (= 0.72.0-rc.3)
    - React-perflogger (= 0.72.0-rc.3)
    - SocketRocket (= 0.6.0)
    - Yoga
  - React-Core/DevSupport (0.72.0-rc.3):
    - glog
    - RCT-Folly (= 2021.07.22.00)
    - React-Core/Default (= 0.72.0-rc.3)
    - React-Core/RCTWebSocket (= 0.72.0-rc.3)
    - React-cxxreact (= 0.72.0-rc.3)
    - React-jsc
    - React-jsi (= 0.72.0-rc.3)
    - React-jsiexecutor (= 0.72.0-rc.3)
    - React-jsinspector (= 0.72.0-rc.3)
    - React-perflogger (= 0.72.0-rc.3)
    - SocketRocket (= 0.6.0)
    - Yoga
  - React-Core/RCTActionSheetHeaders (0.72.0-rc.3):
    - glog
    - RCT-Folly (= 2021.07.22.00)
    - React-Core/Default
    - React-cxxreact (= 0.72.0-rc.3)
    - React-jsc
    - React-jsi (= 0.72.0-rc.3)
    - React-jsiexecutor (= 0.72.0-rc.3)
    - React-perflogger (= 0.72.0-rc.3)
    - SocketRocket (= 0.6.0)
    - Yoga
  - React-Core/RCTAnimationHeaders (0.72.0-rc.3):
    - glog
    - RCT-Folly (= 2021.07.22.00)
    - React-Core/Default
    - React-cxxreact (= 0.72.0-rc.3)
    - React-jsc
    - React-jsi (= 0.72.0-rc.3)
    - React-jsiexecutor (= 0.72.0-rc.3)
    - React-perflogger (= 0.72.0-rc.3)
    - SocketRocket (= 0.6.0)
    - Yoga
  - React-Core/RCTBlobHeaders (0.72.0-rc.3):
    - glog
    - RCT-Folly (= 2021.07.22.00)
    - React-Core/Default
    - React-cxxreact (= 0.72.0-rc.3)
    - React-jsc
    - React-jsi (= 0.72.0-rc.3)
    - React-jsiexecutor (= 0.72.0-rc.3)
    - React-perflogger (= 0.72.0-rc.3)
    - SocketRocket (= 0.6.0)
    - Yoga
  - React-Core/RCTImageHeaders (0.72.0-rc.3):
    - glog
    - RCT-Folly (= 2021.07.22.00)
    - React-Core/Default
    - React-cxxreact (= 0.72.0-rc.3)
    - React-jsc
    - React-jsi (= 0.72.0-rc.3)
    - React-jsiexecutor (= 0.72.0-rc.3)
    - React-perflogger (= 0.72.0-rc.3)
    - SocketRocket (= 0.6.0)
    - Yoga
  - React-Core/RCTLinkingHeaders (0.72.0-rc.3):
    - glog
    - RCT-Folly (= 2021.07.22.00)
    - React-Core/Default
    - React-cxxreact (= 0.72.0-rc.3)
    - React-jsc
    - React-jsi (= 0.72.0-rc.3)
    - React-jsiexecutor (= 0.72.0-rc.3)
    - React-perflogger (= 0.72.0-rc.3)
    - SocketRocket (= 0.6.0)
    - Yoga
  - React-Core/RCTNetworkHeaders (0.72.0-rc.3):
    - glog
    - RCT-Folly (= 2021.07.22.00)
    - React-Core/Default
    - React-cxxreact (= 0.72.0-rc.3)
    - React-jsc
    - React-jsi (= 0.72.0-rc.3)
    - React-jsiexecutor (= 0.72.0-rc.3)
    - React-perflogger (= 0.72.0-rc.3)
    - SocketRocket (= 0.6.0)
    - Yoga
  - React-Core/RCTSettingsHeaders (0.72.0-rc.3):
    - glog
    - RCT-Folly (= 2021.07.22.00)
    - React-Core/Default
    - React-cxxreact (= 0.72.0-rc.3)
    - React-jsc
    - React-jsi (= 0.72.0-rc.3)
    - React-jsiexecutor (= 0.72.0-rc.3)
    - React-perflogger (= 0.72.0-rc.3)
    - SocketRocket (= 0.6.0)
    - Yoga
  - React-Core/RCTTextHeaders (0.72.0-rc.3):
    - glog
    - RCT-Folly (= 2021.07.22.00)
    - React-Core/Default
    - React-cxxreact (= 0.72.0-rc.3)
    - React-jsc
    - React-jsi (= 0.72.0-rc.3)
    - React-jsiexecutor (= 0.72.0-rc.3)
    - React-perflogger (= 0.72.0-rc.3)
    - SocketRocket (= 0.6.0)
    - Yoga
  - React-Core/RCTVibrationHeaders (0.72.0-rc.3):
    - glog
    - RCT-Folly (= 2021.07.22.00)
    - React-Core/Default
    - React-cxxreact (= 0.72.0-rc.3)
    - React-jsc
    - React-jsi (= 0.72.0-rc.3)
    - React-jsiexecutor (= 0.72.0-rc.3)
    - React-perflogger (= 0.72.0-rc.3)
    - SocketRocket (= 0.6.0)
    - Yoga
  - React-Core/RCTWebSocket (0.72.0-rc.3):
    - glog
    - RCT-Folly (= 2021.07.22.00)
    - React-Core/Default (= 0.72.0-rc.3)
    - React-cxxreact (= 0.72.0-rc.3)
    - React-jsc
    - React-jsi (= 0.72.0-rc.3)
    - React-jsiexecutor (= 0.72.0-rc.3)
    - React-perflogger (= 0.72.0-rc.3)
    - SocketRocket (= 0.6.0)
    - Yoga
  - React-CoreModules (0.72.0-rc.3):
    - RCT-Folly (= 2021.07.22.00)
    - RCTTypeSafety (= 0.72.0-rc.3)
    - React-Codegen (= 0.72.0-rc.3)
    - React-Core/CoreModulesHeaders (= 0.72.0-rc.3)
    - React-jsi (= 0.72.0-rc.3)
    - React-RCTBlob
    - React-RCTImage (= 0.72.0-rc.3)
    - ReactCommon/turbomodule/core (= 0.72.0-rc.3)
    - SocketRocket (= 0.6.0)
  - React-cxxreact (0.72.0-rc.3):
    - boost (= 1.76.0)
    - DoubleConversion
    - glog
    - RCT-Folly (= 2021.07.22.00)
    - React-callinvoker (= 0.72.0-rc.3)
    - React-jsi (= 0.72.0-rc.3)
    - React-jsinspector (= 0.72.0-rc.3)
    - React-logger (= 0.72.0-rc.3)
    - React-perflogger (= 0.72.0-rc.3)
    - React-runtimeexecutor (= 0.72.0-rc.3)
  - React-jsc (0.72.0-rc.3):
    - React-jsc/Fabric (= 0.72.0-rc.3)
    - React-jsi (= 0.72.0-rc.3)
  - React-jsc/Fabric (0.72.0-rc.3):
    - React-jsi (= 0.72.0-rc.3)
  - React-jsi (0.72.0-rc.3):
    - boost (= 1.76.0)
    - DoubleConversion
    - glog
    - RCT-Folly (= 2021.07.22.00)
  - React-jsiexecutor (0.72.0-rc.3):
    - DoubleConversion
    - glog
    - RCT-Folly (= 2021.07.22.00)
    - React-cxxreact (= 0.72.0-rc.3)
    - React-jsi (= 0.72.0-rc.3)
    - React-perflogger (= 0.72.0-rc.3)
  - React-jsinspector (0.72.0-rc.3)
  - React-logger (0.72.0-rc.3):
    - glog
  - React-NativeModulesApple (0.72.0-rc.3):
    - React-callinvoker
    - React-Core
    - React-cxxreact
    - React-jsi
    - React-runtimeexecutor
    - ReactCommon/turbomodule/bridging
    - ReactCommon/turbomodule/core
  - React-perflogger (0.72.0-rc.3)
  - React-RCTActionSheet (0.72.0-rc.3):
    - React-Core/RCTActionSheetHeaders (= 0.72.0-rc.3)
  - React-RCTAnimation (0.72.0-rc.3):
    - RCT-Folly (= 2021.07.22.00)
    - RCTTypeSafety (= 0.72.0-rc.3)
    - React-Codegen (= 0.72.0-rc.3)
    - React-Core/RCTAnimationHeaders (= 0.72.0-rc.3)
    - React-jsi (= 0.72.0-rc.3)
    - ReactCommon/turbomodule/core (= 0.72.0-rc.3)
  - React-RCTAppDelegate (0.72.0-rc.3):
    - RCT-Folly
    - RCTRequired
    - RCTTypeSafety
    - React-Core
    - ReactCommon/turbomodule/core
  - React-RCTBlob (0.72.0-rc.3):
    - RCT-Folly (= 2021.07.22.00)
    - React-Codegen (= 0.72.0-rc.3)
    - React-Core/RCTBlobHeaders (= 0.72.0-rc.3)
    - React-Core/RCTWebSocket (= 0.72.0-rc.3)
    - React-jsi (= 0.72.0-rc.3)
    - React-RCTNetwork (= 0.72.0-rc.3)
    - ReactCommon/turbomodule/core (= 0.72.0-rc.3)
  - React-RCTImage (0.72.0-rc.3):
    - RCT-Folly (= 2021.07.22.00)
    - RCTTypeSafety (= 0.72.0-rc.3)
    - React-Codegen (= 0.72.0-rc.3)
    - React-Core/RCTImageHeaders (= 0.72.0-rc.3)
    - React-jsi (= 0.72.0-rc.3)
    - React-RCTNetwork (= 0.72.0-rc.3)
    - ReactCommon/turbomodule/core (= 0.72.0-rc.3)
  - React-RCTLinking (0.72.0-rc.3):
    - React-Codegen (= 0.72.0-rc.3)
    - React-Core/RCTLinkingHeaders (= 0.72.0-rc.3)
    - React-jsi (= 0.72.0-rc.3)
    - ReactCommon/turbomodule/core (= 0.72.0-rc.3)
  - React-RCTNetwork (0.72.0-rc.3):
    - RCT-Folly (= 2021.07.22.00)
    - RCTTypeSafety (= 0.72.0-rc.3)
    - React-Codegen (= 0.72.0-rc.3)
    - React-Core/RCTNetworkHeaders (= 0.72.0-rc.3)
    - React-jsi (= 0.72.0-rc.3)
    - ReactCommon/turbomodule/core (= 0.72.0-rc.3)
  - React-RCTSettings (0.72.0-rc.3):
    - RCT-Folly (= 2021.07.22.00)
    - RCTTypeSafety (= 0.72.0-rc.3)
    - React-Codegen (= 0.72.0-rc.3)
    - React-Core/RCTSettingsHeaders (= 0.72.0-rc.3)
    - React-jsi (= 0.72.0-rc.3)
    - ReactCommon/turbomodule/core (= 0.72.0-rc.3)
  - React-RCTText (0.72.0-rc.3):
    - React-Core/RCTTextHeaders (= 0.72.0-rc.3)
  - React-RCTVibration (0.72.0-rc.3):
    - RCT-Folly (= 2021.07.22.00)
    - React-Codegen (= 0.72.0-rc.3)
    - React-Core/RCTVibrationHeaders (= 0.72.0-rc.3)
    - React-jsi (= 0.72.0-rc.3)
    - ReactCommon/turbomodule/core (= 0.72.0-rc.3)
  - React-rncore (0.72.0-rc.3)
  - React-runtimeexecutor (0.72.0-rc.3):
    - React-jsi (= 0.72.0-rc.3)
  - ReactCommon/turbomodule/bridging (0.72.0-rc.3):
    - DoubleConversion
    - glog
    - RCT-Folly (= 2021.07.22.00)
    - React-callinvoker (= 0.72.0-rc.3)
    - React-cxxreact (= 0.72.0-rc.3)
    - React-jsi (= 0.72.0-rc.3)
    - React-logger (= 0.72.0-rc.3)
    - React-perflogger (= 0.72.0-rc.3)
  - ReactCommon/turbomodule/core (0.72.0-rc.3):
    - DoubleConversion
    - glog
    - RCT-Folly (= 2021.07.22.00)
    - React-callinvoker (= 0.72.0-rc.3)
    - React-cxxreact (= 0.72.0-rc.3)
    - React-jsi (= 0.72.0-rc.3)
    - React-logger (= 0.72.0-rc.3)
    - React-perflogger (= 0.72.0-rc.3)
  - ReactNativeHost (0.2.6):
    - React-Core
    - React-cxxreact
    - ReactCommon/turbomodule/core
  - ReactTestApp-DevSupport (2.5.4):
    - React-Core
    - React-jsi
  - ReactTestApp-Resources (1.0.0-dev)
  - RNGoogleSignin (9.1.0):
    - GoogleSignIn (~> 7.0)
    - React-Core
  - SocketRocket (0.6.0)
  - Yoga (1.14.0)
  - YogaKit (1.18.1):
    - Yoga (~> 1.14)

DEPENDENCIES:
  - boost (from `../../node_modules/react-native/third-party-podspecs/boost.podspec`)
  - DoubleConversion (from `../../node_modules/react-native/third-party-podspecs/DoubleConversion.podspec`)
  - FBLazyVector (from `../../node_modules/react-native/Libraries/FBLazyVector`)
  - FBReactNativeSpec (from `../../node_modules/react-native/React/FBReactNativeSpec`)
  - Flipper (= 0.182.0)
  - Flipper-Boost-iOSX (= 1.76.0.1.11)
  - Flipper-DoubleConversion (= 3.2.0.1)
  - Flipper-Fmt (= 7.1.7)
  - Flipper-Folly (= 2.6.10)
  - Flipper-Glog (= 0.5.0.5)
  - Flipper-PeerTalk (= 0.0.4)
  - FlipperKit (= 0.182.0)
  - FlipperKit/Core (= 0.182.0)
  - FlipperKit/CppBridge (= 0.182.0)
  - FlipperKit/FBCxxFollyDynamicConvert (= 0.182.0)
  - FlipperKit/FBDefines (= 0.182.0)
  - FlipperKit/FKPortForwarding (= 0.182.0)
  - FlipperKit/FlipperKitHighlightOverlay (= 0.182.0)
  - FlipperKit/FlipperKitLayoutPlugin (= 0.182.0)
  - FlipperKit/FlipperKitLayoutTextSearchable (= 0.182.0)
  - FlipperKit/FlipperKitNetworkPlugin (= 0.182.0)
  - FlipperKit/FlipperKitReactPlugin (= 0.182.0)
  - FlipperKit/FlipperKitUserDefaultsPlugin (= 0.182.0)
  - FlipperKit/SKIOSNetworkPlugin (= 0.182.0)
  - glog (from `../../node_modules/react-native/third-party-podspecs/glog.podspec`)
  - OpenSSL-Universal (= 1.1.1100)
  - RCT-Folly (from `../../node_modules/react-native/third-party-podspecs/RCT-Folly.podspec`)
  - RCTRequired (from `../../node_modules/react-native/Libraries/RCTRequired`)
  - RCTTypeSafety (from `../../node_modules/react-native/Libraries/TypeSafety`)
  - React (from `../../node_modules/react-native/`)
  - React-callinvoker (from `../../node_modules/react-native/ReactCommon/callinvoker`)
  - React-Codegen (from `build/generated/ios`)
  - React-Core (from `../../node_modules/react-native/`)
  - React-Core/DevSupport (from `../../node_modules/react-native/`)
  - React-Core/RCTWebSocket (from `../../node_modules/react-native/`)
  - React-CoreModules (from `../../node_modules/react-native/React/CoreModules`)
  - React-cxxreact (from `../../node_modules/react-native/ReactCommon/cxxreact`)
  - React-jsc (from `../../node_modules/react-native/ReactCommon/jsc`)
  - React-jsi (from `../../node_modules/react-native/ReactCommon/jsi`)
  - React-jsiexecutor (from `../../node_modules/react-native/ReactCommon/jsiexecutor`)
  - React-jsinspector (from `../../node_modules/react-native/ReactCommon/jsinspector`)
  - React-logger (from `../../node_modules/react-native/ReactCommon/logger`)
  - React-NativeModulesApple (from `../../node_modules/react-native/ReactCommon/react/nativemodule/core/platform/ios`)
  - React-perflogger (from `../../node_modules/react-native/ReactCommon/reactperflogger`)
  - React-RCTActionSheet (from `../../node_modules/react-native/Libraries/ActionSheetIOS`)
  - React-RCTAnimation (from `../../node_modules/react-native/Libraries/NativeAnimation`)
  - React-RCTAppDelegate (from `../../node_modules/react-native/Libraries/AppDelegate`)
  - React-RCTBlob (from `../../node_modules/react-native/Libraries/Blob`)
  - React-RCTImage (from `../../node_modules/react-native/Libraries/Image`)
  - React-RCTLinking (from `../../node_modules/react-native/Libraries/LinkingIOS`)
  - React-RCTNetwork (from `../../node_modules/react-native/Libraries/Network`)
  - React-RCTSettings (from `../../node_modules/react-native/Libraries/Settings`)
  - React-RCTText (from `../../node_modules/react-native/Libraries/Text`)
  - React-RCTVibration (from `../../node_modules/react-native/Libraries/Vibration`)
  - React-rncore (from `../../node_modules/react-native/ReactCommon`)
  - React-runtimeexecutor (from `../../node_modules/react-native/ReactCommon/runtimeexecutor`)
  - ReactCommon/turbomodule/core (from `../../node_modules/react-native/ReactCommon`)
  - "ReactNativeHost (from `../../node_modules/@rnx-kit/react-native-host`)"
  - ReactTestApp-DevSupport (from `../../node_modules/react-native-test-app`)
  - ReactTestApp-Resources (from `..`)
  - RNGoogleSignin (from `../..`)
  - Yoga (from `../../node_modules/react-native/ReactCommon/yoga`)

SPEC REPOS:
  trunk:
    - AppAuth
    - CocoaAsyncSocket
    - Flipper
    - Flipper-Boost-iOSX
    - Flipper-DoubleConversion
    - Flipper-Fmt
    - Flipper-Folly
    - Flipper-Glog
    - Flipper-PeerTalk
    - FlipperKit
    - fmt
    - GoogleSignIn
    - GTMAppAuth
    - GTMSessionFetcher
    - libevent
    - OpenSSL-Universal
    - SocketRocket
    - YogaKit

EXTERNAL SOURCES:
  boost:
    :podspec: "../../node_modules/react-native/third-party-podspecs/boost.podspec"
  DoubleConversion:
    :podspec: "../../node_modules/react-native/third-party-podspecs/DoubleConversion.podspec"
  FBLazyVector:
    :path: "../../node_modules/react-native/Libraries/FBLazyVector"
  FBReactNativeSpec:
    :path: "../../node_modules/react-native/React/FBReactNativeSpec"
  glog:
    :podspec: "../../node_modules/react-native/third-party-podspecs/glog.podspec"
  RCT-Folly:
    :podspec: "../../node_modules/react-native/third-party-podspecs/RCT-Folly.podspec"
  RCTRequired:
    :path: "../../node_modules/react-native/Libraries/RCTRequired"
  RCTTypeSafety:
    :path: "../../node_modules/react-native/Libraries/TypeSafety"
  React:
    :path: "../../node_modules/react-native/"
  React-callinvoker:
    :path: "../../node_modules/react-native/ReactCommon/callinvoker"
  React-Codegen:
    :path: build/generated/ios
  React-Core:
    :path: "../../node_modules/react-native/"
  React-CoreModules:
    :path: "../../node_modules/react-native/React/CoreModules"
  React-cxxreact:
    :path: "../../node_modules/react-native/ReactCommon/cxxreact"
  React-jsc:
    :path: "../../node_modules/react-native/ReactCommon/jsc"
  React-jsi:
    :path: "../../node_modules/react-native/ReactCommon/jsi"
  React-jsiexecutor:
    :path: "../../node_modules/react-native/ReactCommon/jsiexecutor"
  React-jsinspector:
    :path: "../../node_modules/react-native/ReactCommon/jsinspector"
  React-logger:
    :path: "../../node_modules/react-native/ReactCommon/logger"
  React-NativeModulesApple:
    :path: "../../node_modules/react-native/ReactCommon/react/nativemodule/core/platform/ios"
  React-perflogger:
    :path: "../../node_modules/react-native/ReactCommon/reactperflogger"
  React-RCTActionSheet:
    :path: "../../node_modules/react-native/Libraries/ActionSheetIOS"
  React-RCTAnimation:
    :path: "../../node_modules/react-native/Libraries/NativeAnimation"
  React-RCTAppDelegate:
    :path: "../../node_modules/react-native/Libraries/AppDelegate"
  React-RCTBlob:
    :path: "../../node_modules/react-native/Libraries/Blob"
  React-RCTImage:
    :path: "../../node_modules/react-native/Libraries/Image"
  React-RCTLinking:
    :path: "../../node_modules/react-native/Libraries/LinkingIOS"
  React-RCTNetwork:
    :path: "../../node_modules/react-native/Libraries/Network"
  React-RCTSettings:
    :path: "../../node_modules/react-native/Libraries/Settings"
  React-RCTText:
    :path: "../../node_modules/react-native/Libraries/Text"
  React-RCTVibration:
    :path: "../../node_modules/react-native/Libraries/Vibration"
  React-rncore:
    :path: "../../node_modules/react-native/ReactCommon"
  React-runtimeexecutor:
    :path: "../../node_modules/react-native/ReactCommon/runtimeexecutor"
  ReactCommon:
    :path: "../../node_modules/react-native/ReactCommon"
  ReactNativeHost:
    :path: "../../node_modules/@rnx-kit/react-native-host"
  ReactTestApp-DevSupport:
    :path: "../../node_modules/react-native-test-app"
  ReactTestApp-Resources:
    :path: ".."
  RNGoogleSignin:
    :path: "../.."
  Yoga:
    :path: "../../node_modules/react-native/ReactCommon/yoga"

SPEC CHECKSUMS:
  AppAuth: 3bb1d1cd9340bd09f5ed189fb00b1cc28e1e8570
  boost: 57d2868c099736d80fcd648bf211b4431e51a558
  CocoaAsyncSocket: 065fd1e645c7abab64f7a6a2007a48038fdc6a99
  DoubleConversion: 5189b271737e1565bdce30deb4a08d647e3f5f54
  FBLazyVector: 8c4c09613fb6d3fab1241f1ecc171426bc3f2eb0
  FBReactNativeSpec: b0ad2b4b648830739e4775fb5579cab493ed6350
  Flipper: 6edb735e6c3e332975d1b17956bcc584eccf5818
  Flipper-Boost-iOSX: fd1e2b8cbef7e662a122412d7ac5f5bea715403c
  Flipper-DoubleConversion: 2dc99b02f658daf147069aad9dbd29d8feb06d30
  Flipper-Fmt: 60cbdd92fc254826e61d669a5d87ef7015396a9b
  Flipper-Folly: 584845625005ff068a6ebf41f857f468decd26b3
  Flipper-Glog: 70c50ce58ddaf67dc35180db05f191692570f446
  Flipper-PeerTalk: 116d8f857dc6ef55c7a5a75ea3ceaafe878aadc9
  FlipperKit: 2efad7007d6745a3f95e4034d547be637f89d3f6
  fmt: ff9d55029c625d3757ed641535fd4a75fedc7ce9
  glog: 04b94705f318337d7ead9e6d17c019bd9b1f6b1b
  GoogleSignIn: b232380cf495a429b8095d3178a8d5855b42e842
  GTMAppAuth: 99fb010047ba3973b7026e45393f51f27ab965ae
  GTMSessionFetcher: e8647203b65cee28c5f73d0f473d096653945e72
  libevent: 4049cae6c81cdb3654a443be001fb9bdceff7913
  OpenSSL-Universal: ebc357f1e6bc71fa463ccb2fe676756aff50e88c
  RCT-Folly: 424b8c9a7a0b9ab2886ffe9c3b041ef628fd4fb1
  RCTRequired: 475d24740d2b7f3708bc1cf2ceda2fe197322d71
  RCTTypeSafety: 35de67ada3af6240460fef611e62ca58787298ea
  React: 5c5f33b8a4b95526867f75ac2488d329e038d4cb
  React-callinvoker: 07b9eb3a81ea3826ea3494f408a0303a1d5a6514
  React-Codegen: 3758f63bd559bb7bbfe8134687b2968f5be849c5
  React-Core: 9592449ee02d907503b4105ec2e1a11b373c59c4
  React-CoreModules: 203e515392364ebd1b829531aeec980f41c23d37
  React-cxxreact: b64484ca25b0b98287c0f6704c29342d67245dbd
  React-jsc: 021159a05a5cc9bcbe5744538c9d7a1ca801d19b
  React-jsi: 724d951eecb26f340c5e51dc100239804714a80d
  React-jsiexecutor: bbaea0d584f053a025314dba4c4b01ce38df3048
  React-jsinspector: 7edbc8f9e4a52adc90a2b4904bcfb084b0fd610b
  React-logger: 8a71e32605ceebf504728b93c2d32dd3e0cd48e7
  React-NativeModulesApple: bc356c880980d715aa5519672e8e5d5211ecadac
  React-perflogger: 693189a8460e7f056462a8ee2f5234f92d9fafbc
  React-RCTActionSheet: e20348de098d1a09226bac5f7ced5ba50074cafc
  React-RCTAnimation: ae43ddc40ecae89e37db9df0e6ee8789d9341da8
  React-RCTAppDelegate: 2588efdddcc27fbfbf7853202acd7512882828bd
  React-RCTBlob: 6bf30f48d7d65ac9167064fa037b447da2586448
  React-RCTImage: 288cf708b22581c4ea8273b68f740db7b3d33aad
  React-RCTLinking: 86e041fa0d6504a3097003379366ac7ecbbec833
  React-RCTNetwork: cfd57322b7d4cd24dce459eca9807b35c8a8b53a
  React-RCTSettings: 2ece68f77600c4a92c712a71fa73fb1ea5ea57d6
  React-RCTText: f55f55ec006d372558298c640f9ccd51e07973b9
  React-RCTVibration: e54c0c1688c6889ef38c77e60335b9d5dc069403
  React-rncore: 004859cd00d7dd2b4b3afd46bf29237f7091f9a9
  React-runtimeexecutor: d6f826a648b18fd6dc307dae452f1e77f217e283
  ReactCommon: 679ea3e94c9d515194f6af0f94648ff110f4796a
  ReactNativeHost: db8821d7e4f6e3ec3c3b877ee455eee161d47009
  ReactTestApp-DevSupport: 4303e2abeace1d078f8dd8a09e7046498a0f996e
  ReactTestApp-Resources: 1f512f66574607bcfa614e9c0d30e7a990fecf30
  RNGoogleSignin: 5a2fb074136ab4dadbf545bd7479fe52feaee9c8
  SocketRocket: fccef3f9c5cedea1353a9ef6ada904fde10d6608
  Yoga: 6d37a6867a5577ebcd55eb9f4bb4d0a430ae0039
  YogaKit: f782866e155069a2cca2517aafea43200b01fd5a

PODFILE CHECKSUM: 55f1cd1ae91dd85ef9098cb3635f2bbe60a33cd5

COCOAPODS: 1.12.0
